# This file is automatically @generated by Cargo.
# It is not intended for manual editing.
version = 4

[[package]]
name = "fru"
version = "1.0.0"
dependencies = [
 "xrf",
]

[[package]]
name = "xrf"
version = "1.0.0"
source = "registry+https://github.com/rust-lang/crates.io-index"
checksum = "ae73d6da2a900a6af5aca3a1db8086cdc6da25b652b4de08a6c84e2a55beaba3"
