# This file is automatically @generated by Cargo.
# It is not intended for manual editing.
version = 4

[[package]]
name = "fru"
version = "0.1.0"
dependencies = [
 "xrf",
]

[[package]]
name = "xrf"
version = "0.1.2"
source = "registry+https://github.com/rust-lang/crates.io-index"
checksum = "42417fce6d40d75c524df35a9c0784923c1da4549c36fccf21cb611f956e784b"
