# This file is automatically @generated by Cargo.
# It is not intended for manual editing.
version = 4

[[package]]
name = "fru"
version = "0.1.0"
dependencies = [
 "xrf",
]

[[package]]
name = "xrf"
version = "0.1.3"
source = "registry+https://github.com/rust-lang/crates.io-index"
checksum = "3b8636fd378ee29f70f5e346fd3faa36337752ecc92636aefb12d6868a57a409"
